
Microsoft Visual Studio Solution File, Format Version 12.00
Project("{FAE04EC0-301F-11D3-BF4B-00C04F79EFBC}") = "DatabaseConnection", "DatabaseConnection\DatabaseConnection.csproj", "{7C6E8816-6EE2-4AEC-8082-3E0DFB93DBF0}"
EndProject
Global
	GlobalSection(SolutionConfigurationPlatforms) = preSolution
		Debug|Any CPU = Debug|Any CPU
		Release|Any CPU = Release|Any CPU
	EndGlobalSection
	GlobalSection(ProjectConfigurationPlatforms) = postSolution
		{7C6E8816-6EE2-4AEC-8082-3E0DFB93DBF0}.Debug|Any CPU.ActiveCfg = Debug|Any CPU
		{7C6E8816-6EE2-4AEC-8082-3E0DFB93DBF0}.Debug|Any CPU.Build.0 = Debug|Any CPU
		{7C6E8816-6EE2-4AEC-8082-3E0DFB93DBF0}.Release|Any CPU.ActiveCfg = Release|Any CPU
		{7C6E8816-6EE2-4AEC-8082-3E0DFB93DBF0}.Release|Any CPU.Build.0 = Release|Any CPU
	EndGlobalSection
EndGlobal
